lockfileVersion: '9.0'

settings:
  autoInstallPeers: true
  excludeLinksFromLockfile: false

importers:

  .:
    dependencies:
      svix:
        specifier: ^1.96.1
        version: 1.96.1

packages:

  '@stablelib/base64@1.0.1':
    resolution: {integrity: sha512-1bnPQqSxSuc3Ii6MhBysoWCg58j97aUjuCSZrGSmDxNqtytIi0k8utUenAwTZN4V5mXXYGsVUI9zeBqy+jBOSQ==}

  fast-sha256@1.3.0:
    resolution: {integrity: sha512-n11RGP/lrWEFI/bWdygLxhI+pVeo1ZYIVwvvPkW7azl/rOy+F3HYRZ2K5zeE9mmkhQppyv9sQFx0JM9UabnpPQ==}

  standardwebhooks@1.0.0:
    resolution: {integrity: sha512-BbHGOQK9olHPMvQNHWul6MYlrRTAOKn03rOe4A8O3CLWhNf4YHBqq2HJKKC+sfqpxiBY52pNeesD6jIiLDz8jg==}

  svix@1.96.1:
    resolution: {integrity: sha512-l+GyPS6gjL0okiXplLazEY2GbBsv1jZ4UIwtjp553YkDDv635xMKbM5sABpIdiWy1BYxgyV8M6tHeTwY0gyXlQ==}

snapshots:

  '@stablelib/base64@1.0.1': {}

  fast-sha256@1.3.0: {}

  standardwebhooks@1.0.0:
    dependencies:
      '@stablelib/base64': 1.0.1
      fast-sha256: 1.3.0

  svix@1.96.1:
    dependencies:
      standardwebhooks: 1.0.0
